{
   "name": "svelte-plots-basic",
   "version": "1.1.4",
   "lockfileVersion": 2,
   "requires": true,
   "packages": {
      "": {
         "name": "svelte-plots-basic",
         "version": "1.1.4",
         "license": "MIT",
         "dependencies": {
            "mdatools": "^0.6.1"
         }
      },
      "node_modules/mdatools": {
         "version": "0.6.1",
         "resolved": "https://registry.npmjs.org/mdatools/-/mdatools-0.6.1.tgz",
         "integrity": "sha512-pi2BErAEGikTqG6YeNzitCMxCNhZ//7Qsn/oeL2mF++TdGlEkQ4E5FAKXiGXSg+UwCHwaSO8Xl3VjCcS7S6hMA=="
      }
   },
   "dependencies": {
      "mdatools": {
         "version": "0.6.1",
         "resolved": "https://registry.npmjs.org/mdatools/-/mdatools-0.6.1.tgz",
         "integrity": "sha512-pi2BErAEGikTqG6YeNzitCMxCNhZ//7Qsn/oeL2mF++TdGlEkQ4E5FAKXiGXSg+UwCHwaSO8Xl3VjCcS7S6hMA=="
      }
   }
}
