{
   "name": "svelte-plots-basic",
   "version": "2.0.1",
   "lockfileVersion": 3,
   "requires": true,
   "packages": {
      "": {
         "name": "svelte-plots-basic",
         "version": "2.0.1",
         "license": "MIT",
         "dependencies": {
            "mdatools": "^1.x.x"
         }
      },
      "node_modules/mdatools": {
         "version": "1.1.1",
         "resolved": "https://registry.npmjs.org/mdatools/-/mdatools-1.1.1.tgz",
         "integrity": "sha512-vM/ugXw0By5HuHyfnKM41QTzIf6uO2E+sCYw/y60n9BjseMW2E0hdVsJGxfVdnp52sqgJ68dA4wk8BZ22+zI1w=="
      }
   }
}
